
Microsoft Visual Studio Solution File, Format Version 12.00
# Visual Studio 15
Project("{FAE04EC0-301F-11D3-BF4B-00C04F79EFBC}") = "Assembly-CSharp", "Assembly-CSharp.csproj", "{C97A9FE9-23D3-9646-B265-3BAF09EEED1B}"
EndProject
Project("{FAE04EC0-301F-11D3-BF4B-00C04F79EFBC}") = "Assembly-CSharp-Editor", "Assembly-CSharp-Editor.csproj", "{7C48E360-27C2-36EF-C1DA-7920441163B6}"
EndProject
Global
	GlobalSection(SolutionConfigurationPlatforms) = preSolution
		Debug|Any CPU = Debug|Any CPU
		Release|Any CPU = Release|Any CPU
	EndGlobalSection
	GlobalSection(ProjectConfigurationPlatforms) = postSolution
		{C97A9FE9-23D3-9646-B265-3BAF09EEED1B}.Debug|Any CPU.ActiveCfg = Debug|Any CPU
		{C97A9FE9-23D3-9646-B265-3BAF09EEED1B}.Debug|Any CPU.Build.0 = Debug|Any CPU
		{C97A9FE9-23D3-9646-B265-3BAF09EEED1B}.Release|Any CPU.ActiveCfg = Release|Any CPU
		{C97A9FE9-23D3-9646-B265-3BAF09EEED1B}.Release|Any CPU.Build.0 = Release|Any CPU
		{7C48E360-27C2-36EF-C1DA-7920441163B6}.Debug|Any CPU.ActiveCfg = Debug|Any CPU
		{7C48E360-27C2-36EF-C1DA-7920441163B6}.Debug|Any CPU.Build.0 = Debug|Any CPU
		{7C48E360-27C2-36EF-C1DA-7920441163B6}.Release|Any CPU.ActiveCfg = Release|Any CPU
		{7C48E360-27C2-36EF-C1DA-7920441163B6}.Release|Any CPU.Build.0 = Release|Any CPU
	EndGlobalSection
	GlobalSection(SolutionProperties) = preSolution
		HideSolutionNode = FALSE
	EndGlobalSection
EndGlobal
